
Microsoft Visual Studio Solution File, Format Version 12.00
# Visual Studio 15
VisualStudioVersion = 15.0.28307.168
MinimumVisualStudioVersion = 10.0.40219.1
Project("{FAE04EC0-301F-11D3-BF4B-00C04F79EFBC}") = "Arvind_Project_Ado", "Arvind_Project_Ado\Arvind_Project_Ado.csproj", "{38FF70FD-F90D-4E0C-9732-6286846E62EB}"
EndProject
Global
	GlobalSection(SolutionConfigurationPlatforms) = preSolution
		Debug|Any CPU = Debug|Any CPU
		Release|Any CPU = Release|Any CPU
	EndGlobalSection
	GlobalSection(ProjectConfigurationPlatforms) = postSolution
		{38FF70FD-F90D-4E0C-9732-6286846E62EB}.Debug|Any CPU.ActiveCfg = Debug|Any CPU
		{38FF70FD-F90D-4E0C-9732-6286846E62EB}.Debug|Any CPU.Build.0 = Debug|Any CPU
		{38FF70FD-F90D-4E0C-9732-6286846E62EB}.Release|Any CPU.ActiveCfg = Release|Any CPU
		{38FF70FD-F90D-4E0C-9732-6286846E62EB}.Release|Any CPU.Build.0 = Release|Any CPU
	EndGlobalSection
	GlobalSection(SolutionProperties) = preSolution
		HideSolutionNode = FALSE
	EndGlobalSection
	GlobalSection(ExtensibilityGlobals) = postSolution
		SolutionGuid = {4066EEED-8087-4EDB-8522-1BEEB53D0836}
	EndGlobalSection
EndGlobal
